
Microsoft Visual Studio Solution File, Format Version 11.00
# Visual Studio 2010
Project("{FAE04EC0-301F-11D3-BF4B-00C04F79EFBC}") = "Assembly-CSharp", "Assembly-CSharp.csproj", "{F8FDBCB2-A1F9-66BC-EBEF-D7F2D307B054}"
EndProject
Project("{FAE04EC0-301F-11D3-BF4B-00C04F79EFBC}") = "Assembly-CSharp-firstpass", "Assembly-CSharp-firstpass.csproj", "{6D685FA3-1629-D7C0-E471-7DE794F76FEA}"
EndProject
Global
	GlobalSection(SolutionConfigurationPlatforms) = preSolution
		Debug|Any CPU = Debug|Any CPU
		Release|Any CPU = Release|Any CPU
	EndGlobalSection
	GlobalSection(ProjectConfigurationPlatforms) = postSolution
		{F8FDBCB2-A1F9-66BC-EBEF-D7F2D307B054}.Debug|Any CPU.ActiveCfg = Debug|Any CPU
		{F8FDBCB2-A1F9-66BC-EBEF-D7F2D307B054}.Debug|Any CPU.Build.0 = Debug|Any CPU
		{F8FDBCB2-A1F9-66BC-EBEF-D7F2D307B054}.Release|Any CPU.ActiveCfg = Release|Any CPU
		{F8FDBCB2-A1F9-66BC-EBEF-D7F2D307B054}.Release|Any CPU.Build.0 = Release|Any CPU
		{6D685FA3-1629-D7C0-E471-7DE794F76FEA}.Debug|Any CPU.ActiveCfg = Debug|Any CPU
		{6D685FA3-1629-D7C0-E471-7DE794F76FEA}.Debug|Any CPU.Build.0 = Debug|Any CPU
		{6D685FA3-1629-D7C0-E471-7DE794F76FEA}.Release|Any CPU.ActiveCfg = Release|Any CPU
		{6D685FA3-1629-D7C0-E471-7DE794F76FEA}.Release|Any CPU.Build.0 = Release|Any CPU
	EndGlobalSection
	GlobalSection(SolutionProperties) = preSolution
		HideSolutionNode = FALSE
	EndGlobalSection
EndGlobal
